// !$*UTF8*$!
{
	archiveVersion = 1;
	classes = {
	};
	objectVersion = 55;
	objects = {

/* Begin PBXBuildFile section */
		B0433C7C274A8A98006F5A04 /* WidgetKit.framework in Frameworks */ = {isa = PBXBuildFile; fileRef = B0433C7B274A8A98006F5A04 /* WidgetKit.framework */; };
		B0433C7E274A8A98006F5A04 /* SwiftUI.framework in Frameworks */ = {isa = PBXBuildFile; fileRef = B0433C7D274A8A98006F5A04 /* SwiftUI.framework */; };
		B0433C81274A8A98006F5A04 /* DevoteWidget.swift in Sources */ = {isa = PBXBuildFile; fileRef = B0433C80274A8A98006F5A04 /* DevoteWidget.swift */; };
		B0433C83274A8A99006F5A04 /* Assets.xcassets in Resources */ = {isa = PBXBuildFile; fileRef = B0433C82274A8A99006F5A04 /* Assets.xcassets */; };
		B0433C87274A8A99006F5A04 /* DevoteWidgetExtension.appex in Embed App Extensions */ = {isa = PBXBuildFile; fileRef = B0433C79274A8A98006F5A04 /* DevoteWidgetExtension.appex */; settings = {ATTRIBUTES = (RemoveHeadersOnCopy, ); }; };
		B0433C8C274A8FD5006F5A04 /* Assets.xcassets in Resources */ = {isa = PBXBuildFile; fileRef = B0D684EA274955E800BA3CF0 /* Assets.xcassets */; };
		B0433C8D274A9085006F5A04 /* Constant.swift in Sources */ = {isa = PBXBuildFile; fileRef = B0D6850B2749651A00BA3CF0 /* Constant.swift */; };
		B097474C27845752009EBB29 /* LaunchScreen.storyboard in Resources */ = {isa = PBXBuildFile; fileRef = B097474B27845752009EBB29 /* LaunchScreen.storyboard */; };
		B0D684E7274955E700BA3CF0 /* DevoteApp.swift in Sources */ = {isa = PBXBuildFile; fileRef = B0D684E6274955E700BA3CF0 /* DevoteApp.swift */; };
		B0D684E9274955E700BA3CF0 /* ContentView.swift in Sources */ = {isa = PBXBuildFile; fileRef = B0D684E8274955E700BA3CF0 /* ContentView.swift */; };
		B0D684EB274955E800BA3CF0 /* Assets.xcassets in Resources */ = {isa = PBXBuildFile; fileRef = B0D684EA274955E800BA3CF0 /* Assets.xcassets */; };
		B0D684EE274955E800BA3CF0 /* Preview Assets.xcassets in Resources */ = {isa = PBXBuildFile; fileRef = B0D684ED274955E800BA3CF0 /* Preview Assets.xcassets */; };
		B0D684F0274955E800BA3CF0 /* Persistence.swift in Sources */ = {isa = PBXBuildFile; fileRef = B0D684EF274955E800BA3CF0 /* Persistence.swift */; };
		B0D684F3274955E800BA3CF0 /* Devote.xcdatamodeld in Sources */ = {isa = PBXBuildFile; fileRef = B0D684F1274955E800BA3CF0 /* Devote.xcdatamodeld */; };
		B0D684FC2749566600BA3CF0 /* sound-rise.mp3 in Resources */ = {isa = PBXBuildFile; fileRef = B0D684F92749566600BA3CF0 /* sound-rise.mp3 */; };
		B0D684FD2749566600BA3CF0 /* sound-tap.mp3 in Resources */ = {isa = PBXBuildFile; fileRef = B0D684FA2749566600BA3CF0 /* sound-tap.mp3 */; };
		B0D684FE2749566600BA3CF0 /* sound-ding.mp3 in Resources */ = {isa = PBXBuildFile; fileRef = B0D684FB2749566600BA3CF0 /* sound-ding.mp3 */; };
		B0D6850C2749651A00BA3CF0 /* Constant.swift in Sources */ = {isa = PBXBuildFile; fileRef = B0D6850B2749651A00BA3CF0 /* Constant.swift */; };
		B0D6850E27496B6F00BA3CF0 /* HideKeyboardExtension.swift in Sources */ = {isa = PBXBuildFile; fileRef = B0D6850D27496B6F00BA3CF0 /* HideKeyboardExtension.swift */; };
		B0D6851227496F9300BA3CF0 /* BackgroundImageView.swift in Sources */ = {isa = PBXBuildFile; fileRef = B0D6851127496F9300BA3CF0 /* BackgroundImageView.swift */; };
		B0D685142749730C00BA3CF0 /* NewTaskItemView.swift in Sources */ = {isa = PBXBuildFile; fileRef = B0D685132749730C00BA3CF0 /* NewTaskItemView.swift */; };
		B0D685162749777300BA3CF0 /* BlankView.swift in Sources */ = {isa = PBXBuildFile; fileRef = B0D685152749777300BA3CF0 /* BlankView.swift */; };
		B0D685182749820500BA3CF0 /* ListRowItemView.swift in Sources */ = {isa = PBXBuildFile; fileRef = B0D685172749820500BA3CF0 /* ListRowItemView.swift */; };
		B0D6851A2749844000BA3CF0 /* CheckBoxStyle.swift in Sources */ = {isa = PBXBuildFile; fileRef = B0D685192749844000BA3CF0 /* CheckBoxStyle.swift */; };
		B0D6851C27498AF800BA3CF0 /* SoundPlayer.swift in Sources */ = {isa = PBXBuildFile; fileRef = B0D6851B27498AF800BA3CF0 /* SoundPlayer.swift */; };
/* End PBXBuildFile section */

/* Begin PBXContainerItemProxy section */
		B0433C85274A8A99006F5A04 /* PBXContainerItemProxy */ = {
			isa = PBXContainerItemProxy;
			containerPortal = B0D684DB274955E700BA3CF0 /* Project object */;
			proxyType = 1;
			remoteGlobalIDString = B0433C78274A8A98006F5A04;
			remoteInfo = DevoteWidgetExtension;
		};
/* End PBXContainerItemProxy section */

/* Begin PBXCopyFilesBuildPhase section */
		B0433C88274A8A99006F5A04 /* Embed App Extensions */ = {
			isa = PBXCopyFilesBuildPhase;
			buildActionMask = 2147483647;
			dstPath = "";
			dstSubfolderSpec = 13;
			files = (
				B0433C87274A8A99006F5A04 /* DevoteWidgetExtension.appex in Embed App Extensions */,
			);
			name = "Embed App Extensions";
			runOnlyForDeploymentPostprocessing = 0;
		};
/* End PBXCopyFilesBuildPhase section */

/* Begin PBXFileReference section */
		B0433C79274A8A98006F5A04 /* DevoteWidgetExtension.appex */ = {isa = PBXFileReference; explicitFileType = "wrapper.app-extension"; includeInIndex = 0; path = DevoteWidgetExtension.appex; sourceTree = BUILT_PRODUCTS_DIR; };
		B0433C7B274A8A98006F5A04 /* WidgetKit.framework */ = {isa = PBXFileReference; lastKnownFileType = wrapper.framework; name = WidgetKit.framework; path = System/Library/Frameworks/WidgetKit.framework; sourceTree = SDKROOT; };
		B0433C7D274A8A98006F5A04 /* SwiftUI.framework */ = {isa = PBXFileReference; lastKnownFileType = wrapper.framework; name = SwiftUI.framework; path = System/Library/Frameworks/SwiftUI.framework; sourceTree = SDKROOT; };
		B0433C80274A8A98006F5A04 /* DevoteWidget.swift */ = {isa = PBXFileReference; lastKnownFileType = sourcecode.swift; path = DevoteWidget.swift; sourceTree = "<group>"; };
		B0433C82274A8A99006F5A04 /* Assets.xcassets */ = {isa = PBXFileReference; lastKnownFileType = folder.assetcatalog; path = Assets.xcassets; sourceTree = "<group>"; };
		B0433C84274A8A99006F5A04 /* Info.plist */ = {isa = PBXFileReference; lastKnownFileType = text.plist.xml; path = Info.plist; sourceTree = "<group>"; };
		B097474B27845752009EBB29 /* LaunchScreen.storyboard */ = {isa = PBXFileReference; lastKnownFileType = file.storyboard; path = LaunchScreen.storyboard; sourceTree = "<group>"; };
		B0D684E3274955E700BA3CF0 /* Devote.app */ = {isa = PBXFileReference; explicitFileType = wrapper.application; includeInIndex = 0; path = Devote.app; sourceTree = BUILT_PRODUCTS_DIR; };
		B0D684E6274955E700BA3CF0 /* DevoteApp.swift */ = {isa = PBXFileReference; lastKnownFileType = sourcecode.swift; path = DevoteApp.swift; sourceTree = "<group>"; };
		B0D684E8274955E700BA3CF0 /* ContentView.swift */ = {isa = PBXFileReference; lastKnownFileType = sourcecode.swift; path = ContentView.swift; sourceTree = "<group>"; };
		B0D684EA274955E800BA3CF0 /* Assets.xcassets */ = {isa = PBXFileReference; lastKnownFileType = folder.assetcatalog; path = Assets.xcassets; sourceTree = "<group>"; };
		B0D684ED274955E800BA3CF0 /* Preview Assets.xcassets */ = {isa = PBXFileReference; lastKnownFileType = folder.assetcatalog; path = "Preview Assets.xcassets"; sourceTree = "<group>"; };
		B0D684EF274955E800BA3CF0 /* Persistence.swift */ = {isa = PBXFileReference; lastKnownFileType = sourcecode.swift; path = Persistence.swift; sourceTree = "<group>"; };
		B0D684F2274955E800BA3CF0 /* Devote.xcdatamodel */ = {isa = PBXFileReference; lastKnownFileType = wrapper.xcdatamodel; path = Devote.xcdatamodel; sourceTree = "<group>"; };
		B0D684F92749566600BA3CF0 /* sound-rise.mp3 */ = {isa = PBXFileReference; lastKnownFileType = audio.mp3; path = "sound-rise.mp3"; sourceTree = "<group>"; };
		B0D684FA2749566600BA3CF0 /* sound-tap.mp3 */ = {isa = PBXFileReference; lastKnownFileType = audio.mp3; path = "sound-tap.mp3"; sourceTree = "<group>"; };
		B0D684FB2749566600BA3CF0 /* sound-ding.mp3 */ = {isa = PBXFileReference; lastKnownFileType = audio.mp3; path = "sound-ding.mp3"; sourceTree = "<group>"; };
		B0D685062749571400BA3CF0 /* Info.plist */ = {isa = PBXFileReference; lastKnownFileType = text.plist; path = Info.plist; sourceTree = "<group>"; };
		B0D6850B2749651A00BA3CF0 /* Constant.swift */ = {isa = PBXFileReference; lastKnownFileType = sourcecode.swift; path = Constant.swift; sourceTree = "<group>"; };
		B0D6850D27496B6F00BA3CF0 /* HideKeyboardExtension.swift */ = {isa = PBXFileReference; lastKnownFileType = sourcecode.swift; path = HideKeyboardExtension.swift; sourceTree = "<group>"; };
		B0D6851127496F9300BA3CF0 /* BackgroundImageView.swift */ = {isa = PBXFileReference; lastKnownFileType = sourcecode.swift; path = BackgroundImageView.swift; sourceTree = "<group>"; };
		B0D685132749730C00BA3CF0 /* NewTaskItemView.swift */ = {isa = PBXFileReference; lastKnownFileType = sourcecode.swift; path = NewTaskItemView.swift; sourceTree = "<group>"; };
		B0D685152749777300BA3CF0 /* BlankView.swift */ = {isa = PBXFileReference; lastKnownFileType = sourcecode.swift; path = BlankView.swift; sourceTree = "<group>"; };
		B0D685172749820500BA3CF0 /* ListRowItemView.swift */ = {isa = PBXFileReference; lastKnownFileType = sourcecode.swift; path = ListRowItemView.swift; sourceTree = "<group>"; };
		B0D685192749844000BA3CF0 /* CheckBoxStyle.swift */ = {isa = PBXFileReference; lastKnownFileType = sourcecode.swift; path = CheckBoxStyle.swift; sourceTree = "<group>"; };
		B0D6851B27498AF800BA3CF0 /* SoundPlayer.swift */ = {isa = PBXFileReference; lastKnownFileType = sourcecode.swift; path = SoundPlayer.swift; sourceTree = "<group>"; };
/* End PBXFileReference section */

/* Begin PBXFrameworksBuildPhase section */
		B0433C76274A8A98006F5A04 /* Frameworks */ = {
			isa = PBXFrameworksBuildPhase;
			buildActionMask = 2147483647;
			files = (
				B0433C7E274A8A98006F5A04 /* SwiftUI.framework in Frameworks */,
				B0433C7C274A8A98006F5A04 /* WidgetKit.framework in Frameworks */,
			);
			runOnlyForDeploymentPostprocessing = 0;
		};
		B0D684E0274955E700BA3CF0 /* Frameworks */ = {
			isa = PBXFrameworksBuildPhase;
			buildActionMask = 2147483647;
			files = (
			);
			runOnlyForDeploymentPostprocessing = 0;
		};
/* End PBXFrameworksBuildPhase section */

/* Begin PBXGroup section */
		B0433C7A274A8A98006F5A04 /* Frameworks */ = {
			isa = PBXGroup;
			children = (
				B0433C7B274A8A98006F5A04 /* WidgetKit.framework */,
				B0433C7D274A8A98006F5A04 /* SwiftUI.framework */,
			);
			name = Frameworks;
			sourceTree = "<group>";
		};
		B0433C7F274A8A98006F5A04 /* DevoteWidget */ = {
			isa = PBXGroup;
			children = (
				B0433C80274A8A98006F5A04 /* DevoteWidget.swift */,
				B0433C82274A8A99006F5A04 /* Assets.xcassets */,
				B0433C84274A8A99006F5A04 /* Info.plist */,
			);
			path = DevoteWidget;
			sourceTree = "<group>";
		};
		B0D684DA274955E700BA3CF0 = {
			isa = PBXGroup;
			children = (
				B0D684E5274955E700BA3CF0 /* Devote */,
				B0433C7F274A8A98006F5A04 /* DevoteWidget */,
				B0433C7A274A8A98006F5A04 /* Frameworks */,
				B0D684E4274955E700BA3CF0 /* Products */,
			);
			sourceTree = "<group>";
		};
		B0D684E4274955E700BA3CF0 /* Products */ = {
			isa = PBXGroup;
			children = (
				B0D684E3274955E700BA3CF0 /* Devote.app */,
				B0433C79274A8A98006F5A04 /* DevoteWidgetExtension.appex */,
			);
			name = Products;
			sourceTree = "<group>";
		};
		B0D684E5274955E700BA3CF0 /* Devote */ = {
			isa = PBXGroup;
			children = (
				B0D685062749571400BA3CF0 /* Info.plist */,
				B0D684E6274955E700BA3CF0 /* DevoteApp.swift */,
				B0D68504274956AB00BA3CF0 /* Style */,
				B0D68503274956A200BA3CF0 /* Utility */,
				B0D685022749569D00BA3CF0 /* Extension */,
				B0D685002749568800BA3CF0 /* Sound */,
				B0D685012749569500BA3CF0 /* View */,
				B0D68505274956BE00BA3CF0 /* Model */,
				B0D684EA274955E800BA3CF0 /* Assets.xcassets */,
				B097474B27845752009EBB29 /* LaunchScreen.storyboard */,
				B0D684EC274955E800BA3CF0 /* Preview Content */,
			);
			path = Devote;
			sourceTree = "<group>";
		};
		B0D684EC274955E800BA3CF0 /* Preview Content */ = {
			isa = PBXGroup;
			children = (
				B0D684ED274955E800BA3CF0 /* Preview Assets.xcassets */,
			);
			path = "Preview Content";
			sourceTree = "<group>";
		};
		B0D685002749568800BA3CF0 /* Sound */ = {
			isa = PBXGroup;
			children = (
				B0D684FB2749566600BA3CF0 /* sound-ding.mp3 */,
				B0D684F92749566600BA3CF0 /* sound-rise.mp3 */,
				B0D684FA2749566600BA3CF0 /* sound-tap.mp3 */,
			);
			path = Sound;
			sourceTree = "<group>";
		};
		B0D685012749569500BA3CF0 /* View */ = {
			isa = PBXGroup;
			children = (
				B0D684E8274955E700BA3CF0 /* ContentView.swift */,
				B0D6851127496F9300BA3CF0 /* BackgroundImageView.swift */,
				B0D685132749730C00BA3CF0 /* NewTaskItemView.swift */,
				B0D685152749777300BA3CF0 /* BlankView.swift */,
				B0D685172749820500BA3CF0 /* ListRowItemView.swift */,
			);
			path = View;
			sourceTree = "<group>";
		};
		B0D685022749569D00BA3CF0 /* Extension */ = {
			isa = PBXGroup;
			children = (
				B0D6850D27496B6F00BA3CF0 /* HideKeyboardExtension.swift */,
			);
			path = Extension;
			sourceTree = "<group>";
		};
		B0D68503274956A200BA3CF0 /* Utility */ = {
			isa = PBXGroup;
			children = (
				B0D6850B2749651A00BA3CF0 /* Constant.swift */,
				B0D6851B27498AF800BA3CF0 /* SoundPlayer.swift */,
			);
			path = Utility;
			sourceTree = "<group>";
		};
		B0D68504274956AB00BA3CF0 /* Style */ = {
			isa = PBXGroup;
			children = (
				B0D685192749844000BA3CF0 /* CheckBoxStyle.swift */,
			);
			path = Style;
			sourceTree = "<group>";
		};
		B0D68505274956BE00BA3CF0 /* Model */ = {
			isa = PBXGroup;
			children = (
				B0D684EF274955E800BA3CF0 /* Persistence.swift */,
				B0D684F1274955E800BA3CF0 /* Devote.xcdatamodeld */,
			);
			path = Model;
			sourceTree = "<group>";
		};
/* End PBXGroup section */

/* Begin PBXNativeTarget section */
		B0433C78274A8A98006F5A04 /* DevoteWidgetExtension */ = {
			isa = PBXNativeTarget;
			buildConfigurationList = B0433C8B274A8A99006F5A04 /* Build configuration list for PBXNativeTarget "DevoteWidgetExtension" */;
			buildPhases = (
				B0433C75274A8A98006F5A04 /* Sources */,
				B0433C76274A8A98006F5A04 /* Frameworks */,
				B0433C77274A8A98006F5A04 /* Resources */,
			);
			buildRules = (
			);
			dependencies = (
			);
			name = DevoteWidgetExtension;
			productName = DevoteWidgetExtension;
			productReference = B0433C79274A8A98006F5A04 /* DevoteWidgetExtension.appex */;
			productType = "com.apple.product-type.app-extension";
		};
		B0D684E2274955E700BA3CF0 /* Devote */ = {
			isa = PBXNativeTarget;
			buildConfigurationList = B0D684F6274955E800BA3CF0 /* Build configuration list for PBXNativeTarget "Devote" */;
			buildPhases = (
				B0D684DF274955E700BA3CF0 /* Sources */,
				B0D684E0274955E700BA3CF0 /* Frameworks */,
				B0D684E1274955E700BA3CF0 /* Resources */,
				B0433C88274A8A99006F5A04 /* Embed App Extensions */,
			);
			buildRules = (
			);
			dependencies = (
				B0433C86274A8A99006F5A04 /* PBXTargetDependency */,
			);
			name = Devote;
			productName = Devote;
			productReference = B0D684E3274955E700BA3CF0 /* Devote.app */;
			productType = "com.apple.product-type.application";
		};
/* End PBXNativeTarget section */

/* Begin PBXProject section */
		B0D684DB274955E700BA3CF0 /* Project object */ = {
			isa = PBXProject;
			attributes = {
				BuildIndependentTargetsInParallel = 1;
				LastSwiftUpdateCheck = 1310;
				LastUpgradeCheck = 1310;
				TargetAttributes = {
					B0433C78274A8A98006F5A04 = {
						CreatedOnToolsVersion = 13.1;
					};
					B0D684E2274955E700BA3CF0 = {
						CreatedOnToolsVersion = 13.1;
					};
				};
			};
			buildConfigurationList = B0D684DE274955E700BA3CF0 /* Build configuration list for PBXProject "Devote" */;
			compatibilityVersion = "Xcode 13.0";
			developmentRegion = en;
			hasScannedForEncodings = 0;
			knownRegions = (
				en,
				Base,
			);
			mainGroup = B0D684DA274955E700BA3CF0;
			productRefGroup = B0D684E4274955E700BA3CF0 /* Products */;
			projectDirPath = "";
			projectRoot = "";
			targets = (
				B0D684E2274955E700BA3CF0 /* Devote */,
				B0433C78274A8A98006F5A04 /* DevoteWidgetExtension */,
			);
		};
/* End PBXProject section */

/* Begin PBXResourcesBuildPhase section */
		B0433C77274A8A98006F5A04 /* Resources */ = {
			isa = PBXResourcesBuildPhase;
			buildActionMask = 2147483647;
			files = (
				B0433C8C274A8FD5006F5A04 /* Assets.xcassets in Resources */,
				B0433C83274A8A99006F5A04 /* Assets.xcassets in Resources */,
			);
			runOnlyForDeploymentPostprocessing = 0;
		};
		B0D684E1274955E700BA3CF0 /* Resources */ = {
			isa = PBXResourcesBuildPhase;
			buildActionMask = 2147483647;
			files = (
				B0D684FE2749566600BA3CF0 /* sound-ding.mp3 in Resources */,
				B0D684FC2749566600BA3CF0 /* sound-rise.mp3 in Resources */,
				B0D684EE274955E800BA3CF0 /* Preview Assets.xcassets in Resources */,
				B097474C27845752009EBB29 /* LaunchScreen.storyboard in Resources */,
				B0D684FD2749566600BA3CF0 /* sound-tap.mp3 in Resources */,
				B0D684EB274955E800BA3CF0 /* Assets.xcassets in Resources */,
			);
			runOnlyForDeploymentPostprocessing = 0;
		};
/* End PBXResourcesBuildPhase section */

/* Begin PBXSourcesBuildPhase section */
		B0433C75274A8A98006F5A04 /* Sources */ = {
			isa = PBXSourcesBuildPhase;
			buildActionMask = 2147483647;
			files = (
				B0433C81274A8A98006F5A04 /* DevoteWidget.swift in Sources */,
				B0433C8D274A9085006F5A04 /* Constant.swift in Sources */,
			);
			runOnlyForDeploymentPostprocessing = 0;
		};
		B0D684DF274955E700BA3CF0 /* Sources */ = {
			isa = PBXSourcesBuildPhase;
			buildActionMask = 2147483647;
			files = (
				B0D684F0274955E800BA3CF0 /* Persistence.swift in Sources */,
				B0D6851227496F9300BA3CF0 /* BackgroundImageView.swift in Sources */,
				B0D684E9274955E700BA3CF0 /* ContentView.swift in Sources */,
				B0D6850E27496B6F00BA3CF0 /* HideKeyboardExtension.swift in Sources */,
				B0D685162749777300BA3CF0 /* BlankView.swift in Sources */,
				B0D6850C2749651A00BA3CF0 /* Constant.swift in Sources */,
				B0D685182749820500BA3CF0 /* ListRowItemView.swift in Sources */,
				B0D684F3274955E800BA3CF0 /* Devote.xcdatamodeld in Sources */,
				B0D6851A2749844000BA3CF0 /* CheckBoxStyle.swift in Sources */,
				B0D684E7274955E700BA3CF0 /* DevoteApp.swift in Sources */,
				B0D6851C27498AF800BA3CF0 /* SoundPlayer.swift in Sources */,
				B0D685142749730C00BA3CF0 /* NewTaskItemView.swift in Sources */,
			);
			runOnlyForDeploymentPostprocessing = 0;
		};
/* End PBXSourcesBuildPhase section */

/* Begin PBXTargetDependency section */
		B0433C86274A8A99006F5A04 /* PBXTargetDependency */ = {
			isa = PBXTargetDependency;
			target = B0433C78274A8A98006F5A04 /* DevoteWidgetExtension */;
			targetProxy = B0433C85274A8A99006F5A04 /* PBXContainerItemProxy */;
		};
/* End PBXTargetDependency section */

/* Begin XCBuildConfiguration section */
		B0433C89274A8A99006F5A04 /* Debug */ = {
			isa = XCBuildConfiguration;
			buildSettings = {
				ASSETCATALOG_COMPILER_GLOBAL_ACCENT_COLOR_NAME = AccentColor;
				ASSETCATALOG_COMPILER_WIDGET_BACKGROUND_COLOR_NAME = WidgetBackground;
				CODE_SIGN_STYLE = Automatic;
				CURRENT_PROJECT_VERSION = 1;
				DEVELOPMENT_TEAM = WL278AW69J;
				GENERATE_INFOPLIST_FILE = YES;
				INFOPLIST_FILE = DevoteWidget/Info.plist;
				INFOPLIST_KEY_CFBundleDisplayName = DevoteWidget;
				INFOPLIST_KEY_NSHumanReadableCopyright = "";
				LD_RUNPATH_SEARCH_PATHS = (
					"$(inherited)",
					"@executable_path/Frameworks",
					"@executable_path/../../Frameworks",
				);
				MARKETING_VERSION = 1.0;
				PRODUCT_BUNDLE_IDENTIFIER = "com.daulet-tokmukhanbet.Devote.DevoteWidget";
				PRODUCT_NAME = "$(TARGET_NAME)";
				SKIP_INSTALL = YES;
				SWIFT_EMIT_LOC_STRINGS = YES;
				SWIFT_VERSION = 5.0;
				TARGETED_DEVICE_FAMILY = "1,2";
			};
			name = Debug;
		};
		B0433C8A274A8A99006F5A04 /* Release */ = {
			isa = XCBuildConfiguration;
			buildSettings = {
				ASSETCATALOG_COMPILER_GLOBAL_ACCENT_COLOR_NAME = AccentColor;
				ASSETCATALOG_COMPILER_WIDGET_BACKGROUND_COLOR_NAME = WidgetBackground;
				CODE_SIGN_STYLE = Automatic;
				CURRENT_PROJECT_VERSION = 1;
				DEVELOPMENT_TEAM = WL278AW69J;
				GENERATE_INFOPLIST_FILE = YES;
				INFOPLIST_FILE = DevoteWidget/Info.plist;
				INFOPLIST_KEY_CFBundleDisplayName = DevoteWidget;
				INFOPLIST_KEY_NSHumanReadableCopyright = "";
				LD_RUNPATH_SEARCH_PATHS = (
					"$(inherited)",
					"@executable_path/Frameworks",
					"@executable_path/../../Frameworks",
				);
				MARKETING_VERSION = 1.0;
				PRODUCT_BUNDLE_IDENTIFIER = "com.daulet-tokmukhanbet.Devote.DevoteWidget";
				PRODUCT_NAME = "$(TARGET_NAME)";
				SKIP_INSTALL = YES;
				SWIFT_EMIT_LOC_STRINGS = YES;
				SWIFT_VERSION = 5.0;
				TARGETED_DEVICE_FAMILY = "1,2";
			};
			name = Release;
		};
		B0D684F4274955E800BA3CF0 /* Debug */ = {
			isa = XCBuildConfiguration;
			buildSettings = {
				ALWAYS_SEARCH_USER_PATHS = NO;
				CLANG_ANALYZER_NONNULL = YES;
				CLANG_ANALYZER_NUMBER_OBJECT_CONVERSION = YES_AGGRESSIVE;
				CLANG_CXX_LANGUAGE_STANDARD = "gnu++17";
				CLANG_CXX_LIBRARY = "libc++";
				CLANG_ENABLE_MODULES = YES;
				CLANG_ENABLE_OBJC_ARC = YES;
				CLANG_ENABLE_OBJC_WEAK = YES;
				CLANG_WARN_BLOCK_CAPTURE_AUTORELEASING = YES;
				CLANG_WARN_BOOL_CONVERSION = YES;
				CLANG_WARN_COMMA = YES;
				CLANG_WARN_CONSTANT_CONVERSION = YES;
				CLANG_WARN_DEPRECATED_OBJC_IMPLEMENTATIONS = YES;
				CLANG_WARN_DIRECT_OBJC_ISA_USAGE = YES_ERROR;
				CLANG_WARN_DOCUMENTATION_COMMENTS = YES;
				CLANG_WARN_EMPTY_BODY = YES;
				CLANG_WARN_ENUM_CONVERSION = YES;
				CLANG_WARN_INFINITE_RECURSION = YES;
				CLANG_WARN_INT_CONVERSION = YES;
				CLANG_WARN_NON_LITERAL_NULL_CONVERSION = YES;
				CLANG_WARN_OBJC_IMPLICIT_RETAIN_SELF = YES;
				CLANG_WARN_OBJC_LITERAL_CONVERSION = YES;
				CLANG_WARN_OBJC_ROOT_CLASS = YES_ERROR;
				CLANG_WARN_QUOTED_INCLUDE_IN_FRAMEWORK_HEADER = YES;
				CLANG_WARN_RANGE_LOOP_ANALYSIS = YES;
				CLANG_WARN_STRICT_PROTOTYPES = YES;
				CLANG_WARN_SUSPICIOUS_MOVE = YES;
				CLANG_WARN_UNGUARDED_AVAILABILITY = YES_AGGRESSIVE;
				CLANG_WARN_UNREACHABLE_CODE = YES;
				CLANG_WARN__DUPLICATE_METHOD_MATCH = YES;
				COPY_PHASE_STRIP = NO;
				DEBUG_INFORMATION_FORMAT = dwarf;
				ENABLE_STRICT_OBJC_MSGSEND = YES;
				ENABLE_TESTABILITY = YES;
				GCC_C_LANGUAGE_STANDARD = gnu11;
				GCC_DYNAMIC_NO_PIC = NO;
				GCC_NO_COMMON_BLOCKS = YES;
				GCC_OPTIMIZATION_LEVEL = 0;
				GCC_PREPROCESSOR_DEFINITIONS = (
					"DEBUG=1",
					"$(inherited)",
				);
				GCC_WARN_64_TO_32_BIT_CONVERSION = YES;
				GCC_WARN_ABOUT_RETURN_TYPE = YES_ERROR;
				GCC_WARN_UNDECLARED_SELECTOR = YES;
				GCC_WARN_UNINITIALIZED_AUTOS = YES_AGGRESSIVE;
				GCC_WARN_UNUSED_FUNCTION = YES;
				GCC_WARN_UNUSED_VARIABLE = YES;
				IPHONEOS_DEPLOYMENT_TARGET = 15.0;
				MTL_ENABLE_DEBUG_INFO = INCLUDE_SOURCE;
				MTL_FAST_MATH = YES;
				ONLY_ACTIVE_ARCH = YES;
				SDKROOT = iphoneos;
				SWIFT_ACTIVE_COMPILATION_CONDITIONS = DEBUG;
				SWIFT_OPTIMIZATION_LEVEL = "-Onone";
			};
			name = Debug;
		};
		B0D684F5274955E800BA3CF0 /* Release */ = {
			isa = XCBuildConfiguration;
			buildSettings = {
				ALWAYS_SEARCH_USER_PATHS = NO;
				CLANG_ANALYZER_NONNULL = YES;
				CLANG_ANALYZER_NUMBER_OBJECT_CONVERSION = YES_AGGRESSIVE;
				CLANG_CXX_LANGUAGE_STANDARD = "gnu++17";
				CLANG_CXX_LIBRARY = "libc++";
				CLANG_ENABLE_MODULES = YES;
				CLANG_ENABLE_OBJC_ARC = YES;
				CLANG_ENABLE_OBJC_WEAK = YES;
				CLANG_WARN_BLOCK_CAPTURE_AUTORELEASING = YES;
				CLANG_WARN_BOOL_CONVERSION = YES;
				CLANG_WARN_COMMA = YES;
				CLANG_WARN_CONSTANT_CONVERSION = YES;
				CLANG_WARN_DEPRECATED_OBJC_IMPLEMENTATIONS = YES;
				CLANG_WARN_DIRECT_OBJC_ISA_USAGE = YES_ERROR;
				CLANG_WARN_DOCUMENTATION_COMMENTS = YES;
				CLANG_WARN_EMPTY_BODY = YES;
				CLANG_WARN_ENUM_CONVERSION = YES;
				CLANG_WARN_INFINITE_RECURSION = YES;
				CLANG_WARN_INT_CONVERSION = YES;
				CLANG_WARN_NON_LITERAL_NULL_CONVERSION = YES;
				CLANG_WARN_OBJC_IMPLICIT_RETAIN_SELF = YES;
				CLANG_WARN_OBJC_LITERAL_CONVERSION = YES;
				CLANG_WARN_OBJC_ROOT_CLASS = YES_ERROR;
				CLANG_WARN_QUOTED_INCLUDE_IN_FRAMEWORK_HEADER = YES;
				CLANG_WARN_RANGE_LOOP_ANALYSIS = YES;
				CLANG_WARN_STRICT_PROTOTYPES = YES;
				CLANG_WARN_SUSPICIOUS_MOVE = YES;
				CLANG_WARN_UNGUARDED_AVAILABILITY = YES_AGGRESSIVE;
				CLANG_WARN_UNREACHABLE_CODE = YES;
				CLANG_WARN__DUPLICATE_METHOD_MATCH = YES;
				COPY_PHASE_STRIP = NO;
				DEBUG_INFORMATION_FORMAT = "dwarf-with-dsym";
				ENABLE_NS_ASSERTIONS = NO;
				ENABLE_STRICT_OBJC_MSGSEND = YES;
				GCC_C_LANGUAGE_STANDARD = gnu11;
				GCC_NO_COMMON_BLOCKS = YES;
				GCC_WARN_64_TO_32_BIT_CONVERSION = YES;
				GCC_WARN_ABOUT_RETURN_TYPE = YES_ERROR;
				GCC_WARN_UNDECLARED_SELECTOR = YES;
				GCC_WARN_UNINITIALIZED_AUTOS = YES_AGGRESSIVE;
				GCC_WARN_UNUSED_FUNCTION = YES;
				GCC_WARN_UNUSED_VARIABLE = YES;
				IPHONEOS_DEPLOYMENT_TARGET = 15.0;
				MTL_ENABLE_DEBUG_INFO = NO;
				MTL_FAST_MATH = YES;
				SDKROOT = iphoneos;
				SWIFT_COMPILATION_MODE = wholemodule;
				SWIFT_OPTIMIZATION_LEVEL = "-O";
				VALIDATE_PRODUCT = YES;
			};
			name = Release;
		};
		B0D684F7274955E800BA3CF0 /* Debug */ = {
			isa = XCBuildConfiguration;
			buildSettings = {
				ALWAYS_EMBED_SWIFT_STANDARD_LIBRARIES = YES;
				ASSETCATALOG_COMPILER_APPICON_NAME = AppIcon;
				ASSETCATALOG_COMPILER_GLOBAL_ACCENT_COLOR_NAME = AccentColor;
				CODE_SIGN_STYLE = Automatic;
				CURRENT_PROJECT_VERSION = 1;
				DEVELOPMENT_ASSET_PATHS = "\"Devote/Preview Content\"";
				DEVELOPMENT_TEAM = WL278AW69J;
				ENABLE_PREVIEWS = YES;
				GENERATE_INFOPLIST_FILE = YES;
				INFOPLIST_FILE = Devote/Info.plist;
				INFOPLIST_KEY_UIApplicationSceneManifest_Generation = YES;
				INFOPLIST_KEY_UIApplicationSupportsIndirectInputEvents = YES;
				INFOPLIST_KEY_UILaunchStoryboardName = LaunchScreen;
				INFOPLIST_KEY_UISupportedInterfaceOrientations = UIInterfaceOrientationPortrait;
				INFOPLIST_KEY_UISupportedInterfaceOrientations_iPad = "UIInterfaceOrientationPortrait UIInterfaceOrientationPortraitUpsideDown UIInterfaceOrientationLandscapeLeft UIInterfaceOrientationLandscapeRight";
				INFOPLIST_KEY_UISupportedInterfaceOrientations_iPhone = UIInterfaceOrientationPortrait;
				LD_RUNPATH_SEARCH_PATHS = (
					"$(inherited)",
					"@executable_path/Frameworks",
				);
				MARKETING_VERSION = 1.0;
				PRODUCT_BUNDLE_IDENTIFIER = "com.daulet-tokmukhanbet.Devote";
				PRODUCT_NAME = "$(TARGET_NAME)";
				SWIFT_EMIT_LOC_STRINGS = YES;
				SWIFT_VERSION = 5.0;
				TARGETED_DEVICE_FAMILY = "1,2";
			};
			name = Debug;
		};
		B0D684F8274955E800BA3CF0 /* Release */ = {
			isa = XCBuildConfiguration;
			buildSettings = {
				ALWAYS_EMBED_SWIFT_STANDARD_LIBRARIES = YES;
				ASSETCATALOG_COMPILER_APPICON_NAME = AppIcon;
				ASSETCATALOG_COMPILER_GLOBAL_ACCENT_COLOR_NAME = AccentColor;
				CODE_SIGN_STYLE = Automatic;
				CURRENT_PROJECT_VERSION = 1;
				DEVELOPMENT_ASSET_PATHS = "\"Devote/Preview Content\"";
				DEVELOPMENT_TEAM = WL278AW69J;
				ENABLE_PREVIEWS = YES;
				GENERATE_INFOPLIST_FILE = YES;
				INFOPLIST_FILE = Devote/Info.plist;
				INFOPLIST_KEY_UIApplicationSceneManifest_Generation = YES;
				INFOPLIST_KEY_UIApplicationSupportsIndirectInputEvents = YES;
				INFOPLIST_KEY_UILaunchStoryboardName = LaunchScreen;
				INFOPLIST_KEY_UISupportedInterfaceOrientations = UIInterfaceOrientationPortrait;
				INFOPLIST_KEY_UISupportedInterfaceOrientations_iPad = "UIInterfaceOrientationPortrait UIInterfaceOrientationPortraitUpsideDown UIInterfaceOrientationLandscapeLeft UIInterfaceOrientationLandscapeRight";
				INFOPLIST_KEY_UISupportedInterfaceOrientations_iPhone = UIInterfaceOrientationPortrait;
				LD_RUNPATH_SEARCH_PATHS = (
					"$(inherited)",
					"@executable_path/Frameworks",
				);
				MARKETING_VERSION = 1.0;
				PRODUCT_BUNDLE_IDENTIFIER = "com.daulet-tokmukhanbet.Devote";
				PRODUCT_NAME = "$(TARGET_NAME)";
				SWIFT_EMIT_LOC_STRINGS = YES;
				SWIFT_VERSION = 5.0;
				TARGETED_DEVICE_FAMILY = "1,2";
			};
			name = Release;
		};
/* End XCBuildConfiguration section */

/* Begin XCConfigurationList section */
		B0433C8B274A8A99006F5A04 /* Build configuration list for PBXNativeTarget "DevoteWidgetExtension" */ = {
			isa = XCConfigurationList;
			buildConfigurations = (
				B0433C89274A8A99006F5A04 /* Debug */,
				B0433C8A274A8A99006F5A04 /* Release */,
			);
			defaultConfigurationIsVisible = 0;
			defaultConfigurationName = Release;
		};
		B0D684DE274955E700BA3CF0 /* Build configuration list for PBXProject "Devote" */ = {
			isa = XCConfigurationList;
			buildConfigurations = (
				B0D684F4274955E800BA3CF0 /* Debug */,
				B0D684F5274955E800BA3CF0 /* Release */,
			);
			defaultConfigurationIsVisible = 0;
			defaultConfigurationName = Release;
		};
		B0D684F6274955E800BA3CF0 /* Build configuration list for PBXNativeTarget "Devote" */ = {
			isa = XCConfigurationList;
			buildConfigurations = (
				B0D684F7274955E800BA3CF0 /* Debug */,
				B0D684F8274955E800BA3CF0 /* Release */,
			);
			defaultConfigurationIsVisible = 0;
			defaultConfigurationName = Release;
		};
/* End XCConfigurationList section */

/* Begin XCVersionGroup section */
		B0D684F1274955E800BA3CF0 /* Devote.xcdatamodeld */ = {
			isa = XCVersionGroup;
			children = (
				B0D684F2274955E800BA3CF0 /* Devote.xcdatamodel */,
			);
			currentVersion = B0D684F2274955E800BA3CF0 /* Devote.xcdatamodel */;
			path = Devote.xcdatamodeld;
			sourceTree = "<group>";
			versionGroupType = wrapper.xcdatamodel;
		};
/* End XCVersionGroup section */
	};
	rootObject = B0D684DB274955E700BA3CF0 /* Project object */;
}
